// !$*UTF8*$!
{
	archiveVersion = 1;
	classes = {
	};
	objectVersion = 56;
	objects = {

/* Begin PBXBuildFile section */
		541AC7A72C2835A400AFA81C /* AppDelegate.swift in Sources */ = {isa = PBXBuildFile; fileRef = 541AC7A62C2835A400AFA81C /* AppDelegate.swift */; };
		541AC7A92C2835A400AFA81C /* SceneDelegate.swift in Sources */ = {isa = PBXBuildFile; fileRef = 541AC7A82C2835A400AFA81C /* SceneDelegate.swift */; };
		541AC7AB2C2835A400AFA81C /* TabBarViewController.swift in Sources */ = {isa = PBXBuildFile; fileRef = 541AC7AA2C2835A400AFA81C /* TabBarViewController.swift */; };
		541AC7B02C2835A500AFA81C /* Assets.xcassets in Resources */ = {isa = PBXBuildFile; fileRef = 541AC7AF2C2835A500AFA81C /* Assets.xcassets */; };
		541AC7B32C2835A500AFA81C /* Base in Resources */ = {isa = PBXBuildFile; fileRef = 541AC7B22C2835A500AFA81C /* Base */; };
		543913C22C295944006A2075 /* Builder.swift in Sources */ = {isa = PBXBuildFile; fileRef = 543913C12C295944006A2075 /* Builder.swift */; };
		543913C72C296B8B006A2075 /* FinanceViewController.swift in Sources */ = {isa = PBXBuildFile; fileRef = 543913C62C296B8B006A2075 /* FinanceViewController.swift */; };
		543913CB2C296BC3006A2075 /* TaskViewController.swift in Sources */ = {isa = PBXBuildFile; fileRef = 543913CA2C296BC3006A2075 /* TaskViewController.swift */; };
		543913CF2C296BE3006A2075 /* AnalyticViewController.swift in Sources */ = {isa = PBXBuildFile; fileRef = 543913CE2C296BE3006A2075 /* AnalyticViewController.swift */; };
		543913D32C296C00006A2075 /* SettingViewController.swift in Sources */ = {isa = PBXBuildFile; fileRef = 543913D22C296C00006A2075 /* SettingViewController.swift */; };
		543913D72C296C18006A2075 /* HomeViewController.swift in Sources */ = {isa = PBXBuildFile; fileRef = 543913D62C296C18006A2075 /* HomeViewController.swift */; };
/* End PBXBuildFile section */

/* Begin PBXFileReference section */
		541AC7A32C2835A400AFA81C /* FinTask.app */ = {isa = PBXFileReference; explicitFileType = wrapper.application; includeInIndex = 0; path = FinTask.app; sourceTree = BUILT_PRODUCTS_DIR; };
		541AC7A62C2835A400AFA81C /* AppDelegate.swift */ = {isa = PBXFileReference; lastKnownFileType = sourcecode.swift; path = AppDelegate.swift; sourceTree = "<group>"; };
		541AC7A82C2835A400AFA81C /* SceneDelegate.swift */ = {isa = PBXFileReference; lastKnownFileType = sourcecode.swift; path = SceneDelegate.swift; sourceTree = "<group>"; };
		541AC7AA2C2835A400AFA81C /* TabBarViewController.swift */ = {isa = PBXFileReference; lastKnownFileType = sourcecode.swift; path = TabBarViewController.swift; sourceTree = "<group>"; };
		541AC7AF2C2835A500AFA81C /* Assets.xcassets */ = {isa = PBXFileReference; lastKnownFileType = folder.assetcatalog; path = Assets.xcassets; sourceTree = "<group>"; };
		541AC7B22C2835A500AFA81C /* Base */ = {isa = PBXFileReference; lastKnownFileType = file.storyboard; name = Base; path = Base.lproj/LaunchScreen.storyboard; sourceTree = "<group>"; };
		541AC7B42C2835A500AFA81C /* Info.plist */ = {isa = PBXFileReference; lastKnownFileType = text.plist.xml; path = Info.plist; sourceTree = "<group>"; };
		543913C12C295944006A2075 /* Builder.swift */ = {isa = PBXFileReference; lastKnownFileType = sourcecode.swift; path = Builder.swift; sourceTree = "<group>"; };
		543913C62C296B8B006A2075 /* FinanceViewController.swift */ = {isa = PBXFileReference; lastKnownFileType = sourcecode.swift; path = FinanceViewController.swift; sourceTree = "<group>"; };
		543913CA2C296BC3006A2075 /* TaskViewController.swift */ = {isa = PBXFileReference; lastKnownFileType = sourcecode.swift; path = TaskViewController.swift; sourceTree = "<group>"; };
		543913CE2C296BE3006A2075 /* AnalyticViewController.swift */ = {isa = PBXFileReference; lastKnownFileType = sourcecode.swift; path = AnalyticViewController.swift; sourceTree = "<group>"; };
		543913D22C296C00006A2075 /* SettingViewController.swift */ = {isa = PBXFileReference; lastKnownFileType = sourcecode.swift; path = SettingViewController.swift; sourceTree = "<group>"; };
		543913D62C296C18006A2075 /* HomeViewController.swift */ = {isa = PBXFileReference; lastKnownFileType = sourcecode.swift; path = HomeViewController.swift; sourceTree = "<group>"; };
/* End PBXFileReference section */

/* Begin PBXFrameworksBuildPhase section */
		541AC7A02C2835A400AFA81C /* Frameworks */ = {
			isa = PBXFrameworksBuildPhase;
			buildActionMask = 2147483647;
			files = (
			);
			runOnlyForDeploymentPostprocessing = 0;
		};
/* End PBXFrameworksBuildPhase section */

/* Begin PBXGroup section */
		22BD30082C2871C400945318 /* Module */ = {
			isa = PBXGroup;
			children = (
				543913D42C296C0B006A2075 /* Home */,
				543913D02C296BE9006A2075 /* Setting */,
				543913CC2C296BC8006A2075 /* Analytics */,
				543913C82C296BAC006A2075 /* Task */,
				543913C42C296B2C006A2075 /* Finance */,
				22BD300A2C2871DB00945318 /* MainTabBar */,
			);
			path = Module;
			sourceTree = "<group>";
		};
		22BD300A2C2871DB00945318 /* MainTabBar */ = {
			isa = PBXGroup;
			children = (
				541AC7AA2C2835A400AFA81C /* TabBarViewController.swift */,
			);
			path = MainTabBar;
			sourceTree = "<group>";
		};
		541AC79A2C2835A400AFA81C = {
			isa = PBXGroup;
			children = (
				541AC7A52C2835A400AFA81C /* FinTask */,
				541AC7A42C2835A400AFA81C /* Products */,
			);
			sourceTree = "<group>";
		};
		541AC7A42C2835A400AFA81C /* Products */ = {
			isa = PBXGroup;
			children = (
				541AC7A32C2835A400AFA81C /* FinTask.app */,
			);
			name = Products;
			sourceTree = "<group>";
		};
		541AC7A52C2835A400AFA81C /* FinTask */ = {
			isa = PBXGroup;
			children = (
				543913C02C295935006A2075 /* Builder */,
				22BD30082C2871C400945318 /* Module */,
				543913C32C295A1D006A2075 /* Common */,
				541AC7AF2C2835A500AFA81C /* Assets.xcassets */,
				541AC7B12C2835A500AFA81C /* LaunchScreen.storyboard */,
				541AC7B42C2835A500AFA81C /* Info.plist */,
			);
			path = FinTask;
			sourceTree = "<group>";
		};
		543913C02C295935006A2075 /* Builder */ = {
			isa = PBXGroup;
			children = (
				543913C12C295944006A2075 /* Builder.swift */,
			);
			path = Builder;
			sourceTree = "<group>";
		};
		543913C32C295A1D006A2075 /* Common */ = {
			isa = PBXGroup;
			children = (
				541AC7A62C2835A400AFA81C /* AppDelegate.swift */,
				541AC7A82C2835A400AFA81C /* SceneDelegate.swift */,
			);
			path = Common;
			sourceTree = "<group>";
		};
		543913C42C296B2C006A2075 /* Finance */ = {
			isa = PBXGroup;
			children = (
				543913C52C296B45006A2075 /* ViewController */,
			);
			path = Finance;
			sourceTree = "<group>";
		};
		543913C52C296B45006A2075 /* ViewController */ = {
			isa = PBXGroup;
			children = (
				543913C62C296B8B006A2075 /* FinanceViewController.swift */,
			);
			path = ViewController;
			sourceTree = "<group>";
		};
		543913C82C296BAC006A2075 /* Task */ = {
			isa = PBXGroup;
			children = (
				543913C92C296BB5006A2075 /* ViewController */,
			);
			path = Task;
			sourceTree = "<group>";
		};
		543913C92C296BB5006A2075 /* ViewController */ = {
			isa = PBXGroup;
			children = (
				543913CA2C296BC3006A2075 /* TaskViewController.swift */,
			);
			path = ViewController;
			sourceTree = "<group>";
		};
		543913CC2C296BC8006A2075 /* Analytics */ = {
			isa = PBXGroup;
			children = (
				543913CD2C296BD9006A2075 /* ViewController */,
			);
			path = Analytics;
			sourceTree = "<group>";
		};
		543913CD2C296BD9006A2075 /* ViewController */ = {
			isa = PBXGroup;
			children = (
				543913CE2C296BE3006A2075 /* AnalyticViewController.swift */,
			);
			path = ViewController;
			sourceTree = "<group>";
		};
		543913D02C296BE9006A2075 /* Setting */ = {
			isa = PBXGroup;
			children = (
				543913D12C296BED006A2075 /* ViewController */,
			);
			path = Setting;
			sourceTree = "<group>";
		};
		543913D12C296BED006A2075 /* ViewController */ = {
			isa = PBXGroup;
			children = (
				543913D22C296C00006A2075 /* SettingViewController.swift */,
			);
			path = ViewController;
			sourceTree = "<group>";
		};
		543913D42C296C0B006A2075 /* Home */ = {
			isa = PBXGroup;
			children = (
				543913D52C296C0F006A2075 /* ViewController */,
			);
			path = Home;
			sourceTree = "<group>";
		};
		543913D52C296C0F006A2075 /* ViewController */ = {
			isa = PBXGroup;
			children = (
				543913D62C296C18006A2075 /* HomeViewController.swift */,
			);
			path = ViewController;
			sourceTree = "<group>";
		};
/* End PBXGroup section */

/* Begin PBXNativeTarget section */
		541AC7A22C2835A400AFA81C /* FinTask */ = {
			isa = PBXNativeTarget;
			buildConfigurationList = 541AC7B72C2835A500AFA81C /* Build configuration list for PBXNativeTarget "FinTask" */;
			buildPhases = (
				541AC79F2C2835A400AFA81C /* Sources */,
				541AC7A02C2835A400AFA81C /* Frameworks */,
				541AC7A12C2835A400AFA81C /* Resources */,
			);
			buildRules = (
			);
			dependencies = (
			);
			name = FinTask;
			productName = FinTask;
			productReference = 541AC7A32C2835A400AFA81C /* FinTask.app */;
			productType = "com.apple.product-type.application";
		};
/* End PBXNativeTarget section */

/* Begin PBXProject section */
		541AC79B2C2835A400AFA81C /* Project object */ = {
			isa = PBXProject;
			attributes = {
				BuildIndependentTargetsInParallel = 1;
				LastSwiftUpdateCheck = 1540;
				LastUpgradeCheck = 1540;
				TargetAttributes = {
					541AC7A22C2835A400AFA81C = {
						CreatedOnToolsVersion = 15.4;
					};
				};
			};
			buildConfigurationList = 541AC79E2C2835A400AFA81C /* Build configuration list for PBXProject "FinTask" */;
			compatibilityVersion = "Xcode 14.0";
			developmentRegion = en;
			hasScannedForEncodings = 0;
			knownRegions = (
				en,
				Base,
			);
			mainGroup = 541AC79A2C2835A400AFA81C;
			productRefGroup = 541AC7A42C2835A400AFA81C /* Products */;
			projectDirPath = "";
			projectRoot = "";
			targets = (
				541AC7A22C2835A400AFA81C /* FinTask */,
			);
		};
/* End PBXProject section */

/* Begin PBXResourcesBuildPhase section */
		541AC7A12C2835A400AFA81C /* Resources */ = {
			isa = PBXResourcesBuildPhase;
			buildActionMask = 2147483647;
			files = (
				541AC7B02C2835A500AFA81C /* Assets.xcassets in Resources */,
				541AC7B32C2835A500AFA81C /* Base in Resources */,
			);
			runOnlyForDeploymentPostprocessing = 0;
		};
/* End PBXResourcesBuildPhase section */

/* Begin PBXSourcesBuildPhase section */
		541AC79F2C2835A400AFA81C /* Sources */ = {
			isa = PBXSourcesBuildPhase;
			buildActionMask = 2147483647;
			files = (
				541AC7AB2C2835A400AFA81C /* TabBarViewController.swift in Sources */,
				543913CF2C296BE3006A2075 /* AnalyticViewController.swift in Sources */,
				541AC7A72C2835A400AFA81C /* AppDelegate.swift in Sources */,
				543913D32C296C00006A2075 /* SettingViewController.swift in Sources */,
				541AC7A92C2835A400AFA81C /* SceneDelegate.swift in Sources */,
				543913D72C296C18006A2075 /* HomeViewController.swift in Sources */,
				543913C22C295944006A2075 /* Builder.swift in Sources */,
				543913C72C296B8B006A2075 /* FinanceViewController.swift in Sources */,
				543913CB2C296BC3006A2075 /* TaskViewController.swift in Sources */,
			);
			runOnlyForDeploymentPostprocessing = 0;
		};
/* End PBXSourcesBuildPhase section */

/* Begin PBXVariantGroup section */
		541AC7B12C2835A500AFA81C /* LaunchScreen.storyboard */ = {
			isa = PBXVariantGroup;
			children = (
				541AC7B22C2835A500AFA81C /* Base */,
			);
			name = LaunchScreen.storyboard;
			sourceTree = "<group>";
		};
/* End PBXVariantGroup section */

/* Begin XCBuildConfiguration section */
		541AC7B52C2835A500AFA81C /* Debug */ = {
			isa = XCBuildConfiguration;
			buildSettings = {
				ALWAYS_SEARCH_USER_PATHS = NO;
				ASSETCATALOG_COMPILER_GENERATE_SWIFT_ASSET_SYMBOL_EXTENSIONS = YES;
				CLANG_ANALYZER_NONNULL = YES;
				CLANG_ANALYZER_NUMBER_OBJECT_CONVERSION = YES_AGGRESSIVE;
				CLANG_CXX_LANGUAGE_STANDARD = "gnu++20";
				CLANG_ENABLE_MODULES = YES;
				CLANG_ENABLE_OBJC_ARC = YES;
				CLANG_ENABLE_OBJC_WEAK = YES;
				CLANG_WARN_BLOCK_CAPTURE_AUTORELEASING = YES;
				CLANG_WARN_BOOL_CONVERSION = YES;
				CLANG_WARN_COMMA = YES;
				CLANG_WARN_CONSTANT_CONVERSION = YES;
				CLANG_WARN_DEPRECATED_OBJC_IMPLEMENTATIONS = YES;
				CLANG_WARN_DIRECT_OBJC_ISA_USAGE = YES_ERROR;
				CLANG_WARN_DOCUMENTATION_COMMENTS = YES;
				CLANG_WARN_EMPTY_BODY = YES;
				CLANG_WARN_ENUM_CONVERSION = YES;
				CLANG_WARN_INFINITE_RECURSION = YES;
				CLANG_WARN_INT_CONVERSION = YES;
				CLANG_WARN_NON_LITERAL_NULL_CONVERSION = YES;
				CLANG_WARN_OBJC_IMPLICIT_RETAIN_SELF = YES;
				CLANG_WARN_OBJC_LITERAL_CONVERSION = YES;
				CLANG_WARN_OBJC_ROOT_CLASS = YES_ERROR;
				CLANG_WARN_QUOTED_INCLUDE_IN_FRAMEWORK_HEADER = YES;
				CLANG_WARN_RANGE_LOOP_ANALYSIS = YES;
				CLANG_WARN_STRICT_PROTOTYPES = YES;
				CLANG_WARN_SUSPICIOUS_MOVE = YES;
				CLANG_WARN_UNGUARDED_AVAILABILITY = YES_AGGRESSIVE;
				CLANG_WARN_UNREACHABLE_CODE = YES;
				CLANG_WARN__DUPLICATE_METHOD_MATCH = YES;
				COPY_PHASE_STRIP = NO;
				DEBUG_INFORMATION_FORMAT = dwarf;
				ENABLE_STRICT_OBJC_MSGSEND = YES;
				ENABLE_TESTABILITY = YES;
				ENABLE_USER_SCRIPT_SANDBOXING = YES;
				GCC_C_LANGUAGE_STANDARD = gnu17;
				GCC_DYNAMIC_NO_PIC = NO;
				GCC_NO_COMMON_BLOCKS = YES;
				GCC_OPTIMIZATION_LEVEL = 0;
				GCC_PREPROCESSOR_DEFINITIONS = (
					"DEBUG=1",
					"$(inherited)",
				);
				GCC_WARN_64_TO_32_BIT_CONVERSION = YES;
				GCC_WARN_ABOUT_RETURN_TYPE = YES_ERROR;
				GCC_WARN_UNDECLARED_SELECTOR = YES;
				GCC_WARN_UNINITIALIZED_AUTOS = YES_AGGRESSIVE;
				GCC_WARN_UNUSED_FUNCTION = YES;
				GCC_WARN_UNUSED_VARIABLE = YES;
				IPHONEOS_DEPLOYMENT_TARGET = 15.0;
				LOCALIZATION_PREFERS_STRING_CATALOGS = YES;
				MTL_ENABLE_DEBUG_INFO = INCLUDE_SOURCE;
				MTL_FAST_MATH = YES;
				ONLY_ACTIVE_ARCH = YES;
				SDKROOT = iphoneos;
				SWIFT_ACTIVE_COMPILATION_CONDITIONS = "DEBUG $(inherited)";
				SWIFT_OPTIMIZATION_LEVEL = "-Onone";
			};
			name = Debug;
		};
		541AC7B62C2835A500AFA81C /* Release */ = {
			isa = XCBuildConfiguration;
			buildSettings = {
				ALWAYS_SEARCH_USER_PATHS = NO;
				ASSETCATALOG_COMPILER_GENERATE_SWIFT_ASSET_SYMBOL_EXTENSIONS = YES;
				CLANG_ANALYZER_NONNULL = YES;
				CLANG_ANALYZER_NUMBER_OBJECT_CONVERSION = YES_AGGRESSIVE;
				CLANG_CXX_LANGUAGE_STANDARD = "gnu++20";
				CLANG_ENABLE_MODULES = YES;
				CLANG_ENABLE_OBJC_ARC = YES;
				CLANG_ENABLE_OBJC_WEAK = YES;
				CLANG_WARN_BLOCK_CAPTURE_AUTORELEASING = YES;
				CLANG_WARN_BOOL_CONVERSION = YES;
				CLANG_WARN_COMMA = YES;
				CLANG_WARN_CONSTANT_CONVERSION = YES;
				CLANG_WARN_DEPRECATED_OBJC_IMPLEMENTATIONS = YES;
				CLANG_WARN_DIRECT_OBJC_ISA_USAGE = YES_ERROR;
				CLANG_WARN_DOCUMENTATION_COMMENTS = YES;
				CLANG_WARN_EMPTY_BODY = YES;
				CLANG_WARN_ENUM_CONVERSION = YES;
				CLANG_WARN_INFINITE_RECURSION = YES;
				CLANG_WARN_INT_CONVERSION = YES;
				CLANG_WARN_NON_LITERAL_NULL_CONVERSION = YES;
				CLANG_WARN_OBJC_IMPLICIT_RETAIN_SELF = YES;
				CLANG_WARN_OBJC_LITERAL_CONVERSION = YES;
				CLANG_WARN_OBJC_ROOT_CLASS = YES_ERROR;
				CLANG_WARN_QUOTED_INCLUDE_IN_FRAMEWORK_HEADER = YES;
				CLANG_WARN_RANGE_LOOP_ANALYSIS = YES;
				CLANG_WARN_STRICT_PROTOTYPES = YES;
				CLANG_WARN_SUSPICIOUS_MOVE = YES;
				CLANG_WARN_UNGUARDED_AVAILABILITY = YES_AGGRESSIVE;
				CLANG_WARN_UNREACHABLE_CODE = YES;
				CLANG_WARN__DUPLICATE_METHOD_MATCH = YES;
				COPY_PHASE_STRIP = NO;
				DEBUG_INFORMATION_FORMAT = "dwarf-with-dsym";
				ENABLE_NS_ASSERTIONS = NO;
				ENABLE_STRICT_OBJC_MSGSEND = YES;
				ENABLE_USER_SCRIPT_SANDBOXING = YES;
				GCC_C_LANGUAGE_STANDARD = gnu17;
				GCC_NO_COMMON_BLOCKS = YES;
				GCC_WARN_64_TO_32_BIT_CONVERSION = YES;
				GCC_WARN_ABOUT_RETURN_TYPE = YES_ERROR;
				GCC_WARN_UNDECLARED_SELECTOR = YES;
				GCC_WARN_UNINITIALIZED_AUTOS = YES_AGGRESSIVE;
				GCC_WARN_UNUSED_FUNCTION = YES;
				GCC_WARN_UNUSED_VARIABLE = YES;
				IPHONEOS_DEPLOYMENT_TARGET = 15.0;
				LOCALIZATION_PREFERS_STRING_CATALOGS = YES;
				MTL_ENABLE_DEBUG_INFO = NO;
				MTL_FAST_MATH = YES;
				SDKROOT = iphoneos;
				SWIFT_COMPILATION_MODE = wholemodule;
				VALIDATE_PRODUCT = YES;
			};
			name = Release;
		};
		541AC7B82C2835A500AFA81C /* Debug */ = {
			isa = XCBuildConfiguration;
			buildSettings = {
				ASSETCATALOG_COMPILER_APPICON_NAME = AppIcon;
				ASSETCATALOG_COMPILER_GLOBAL_ACCENT_COLOR_NAME = AccentColor;
				CODE_SIGN_STYLE = Automatic;
				CURRENT_PROJECT_VERSION = 1;
				DEVELOPMENT_TEAM = 9W625278YK;
				GENERATE_INFOPLIST_FILE = YES;
				INFOPLIST_FILE = FinTask/Info.plist;
				INFOPLIST_KEY_UIApplicationSupportsIndirectInputEvents = YES;
				INFOPLIST_KEY_UILaunchStoryboardName = LaunchScreen;
				INFOPLIST_KEY_UISupportedInterfaceOrientations_iPad = "UIInterfaceOrientationPortrait UIInterfaceOrientationPortraitUpsideDown UIInterfaceOrientationLandscapeLeft UIInterfaceOrientationLandscapeRight";
				INFOPLIST_KEY_UISupportedInterfaceOrientations_iPhone = "UIInterfaceOrientationPortrait UIInterfaceOrientationLandscapeLeft UIInterfaceOrientationLandscapeRight";
				IPHONEOS_DEPLOYMENT_TARGET = 15.0;
				LD_RUNPATH_SEARCH_PATHS = (
					"$(inherited)",
					"@executable_path/Frameworks",
				);
				MARKETING_VERSION = 1.0;
				PRODUCT_BUNDLE_IDENTIFIER = Nezgovorov.FinTask;
				PRODUCT_NAME = "$(TARGET_NAME)";
				SUPPORTED_PLATFORMS = "iphoneos iphonesimulator";
				SUPPORTS_MACCATALYST = NO;
				SUPPORTS_MAC_DESIGNED_FOR_IPHONE_IPAD = NO;
				SUPPORTS_XR_DESIGNED_FOR_IPHONE_IPAD = NO;
				SWIFT_EMIT_LOC_STRINGS = YES;
				SWIFT_VERSION = 5.0;
				TARGETED_DEVICE_FAMILY = 1;
			};
			name = Debug;
		};
		541AC7B92C2835A500AFA81C /* Release */ = {
			isa = XCBuildConfiguration;
			buildSettings = {
				ASSETCATALOG_COMPILER_APPICON_NAME = AppIcon;
				ASSETCATALOG_COMPILER_GLOBAL_ACCENT_COLOR_NAME = AccentColor;
				CODE_SIGN_STYLE = Automatic;
				CURRENT_PROJECT_VERSION = 1;
				DEVELOPMENT_TEAM = 9W625278YK;
				GENERATE_INFOPLIST_FILE = YES;
				INFOPLIST_FILE = FinTask/Info.plist;
				INFOPLIST_KEY_UIApplicationSupportsIndirectInputEvents = YES;
				INFOPLIST_KEY_UILaunchStoryboardName = LaunchScreen;
				INFOPLIST_KEY_UISupportedInterfaceOrientations_iPad = "UIInterfaceOrientationPortrait UIInterfaceOrientationPortraitUpsideDown UIInterfaceOrientationLandscapeLeft UIInterfaceOrientationLandscapeRight";
				INFOPLIST_KEY_UISupportedInterfaceOrientations_iPhone = "UIInterfaceOrientationPortrait UIInterfaceOrientationLandscapeLeft UIInterfaceOrientationLandscapeRight";
				IPHONEOS_DEPLOYMENT_TARGET = 15.0;
				LD_RUNPATH_SEARCH_PATHS = (
					"$(inherited)",
					"@executable_path/Frameworks",
				);
				MARKETING_VERSION = 1.0;
				PRODUCT_BUNDLE_IDENTIFIER = Nezgovorov.FinTask;
				PRODUCT_NAME = "$(TARGET_NAME)";
				SUPPORTED_PLATFORMS = "iphoneos iphonesimulator";
				SUPPORTS_MACCATALYST = NO;
				SUPPORTS_MAC_DESIGNED_FOR_IPHONE_IPAD = NO;
				SUPPORTS_XR_DESIGNED_FOR_IPHONE_IPAD = NO;
				SWIFT_EMIT_LOC_STRINGS = YES;
				SWIFT_VERSION = 5.0;
				TARGETED_DEVICE_FAMILY = 1;
			};
			name = Release;
		};
/* End XCBuildConfiguration section */

/* Begin XCConfigurationList section */
		541AC79E2C2835A400AFA81C /* Build configuration list for PBXProject "FinTask" */ = {
			isa = XCConfigurationList;
			buildConfigurations = (
				541AC7B52C2835A500AFA81C /* Debug */,
				541AC7B62C2835A500AFA81C /* Release */,
			);
			defaultConfigurationIsVisible = 0;
			defaultConfigurationName = Release;
		};
		541AC7B72C2835A500AFA81C /* Build configuration list for PBXNativeTarget "FinTask" */ = {
			isa = XCConfigurationList;
			buildConfigurations = (
				541AC7B82C2835A500AFA81C /* Debug */,
				541AC7B92C2835A500AFA81C /* Release */,
			);
			defaultConfigurationIsVisible = 0;
			defaultConfigurationName = Release;
		};
/* End XCConfigurationList section */
	};
	rootObject = 541AC79B2C2835A400AFA81C /* Project object */;
}
