// !$*UTF8*$!
{
	archiveVersion = 1;
	classes = {
	};
	objectVersion = 56;
	objects = {

/* Begin PBXBuildFile section */
		223E3B232C2A2E6D005B3FD2 /* OnboardingViewController.swift in Sources */ = {isa = PBXBuildFile; fileRef = 223E3B222C2A2E6D005B3FD2 /* OnboardingViewController.swift */; };
		541AC7A72C2835A400AFA81C /* AppDelegate.swift in Sources */ = {isa = PBXBuildFile; fileRef = 541AC7A62C2835A400AFA81C /* AppDelegate.swift */; };
		541AC7A92C2835A400AFA81C /* SceneDelegate.swift in Sources */ = {isa = PBXBuildFile; fileRef = 541AC7A82C2835A400AFA81C /* SceneDelegate.swift */; };
		541AC7AB2C2835A400AFA81C /* TabBarViewController.swift in Sources */ = {isa = PBXBuildFile; fileRef = 541AC7AA2C2835A400AFA81C /* TabBarViewController.swift */; };
		541AC7B02C2835A500AFA81C /* Assets.xcassets in Resources */ = {isa = PBXBuildFile; fileRef = 541AC7AF2C2835A500AFA81C /* Assets.xcassets */; };
		541AC7B32C2835A500AFA81C /* Base in Resources */ = {isa = PBXBuildFile; fileRef = 541AC7B22C2835A500AFA81C /* Base */; };
		541C7D2F2C2FE80400928483 /* ExpenseCategoryCollectionViewCell.swift in Sources */ = {isa = PBXBuildFile; fileRef = 541C7D2E2C2FE80400928483 /* ExpenseCategoryCollectionViewCell.swift */; };
		543913C22C295944006A2075 /* Builder.swift in Sources */ = {isa = PBXBuildFile; fileRef = 543913C12C295944006A2075 /* Builder.swift */; };
		543913C72C296B8B006A2075 /* FinanceViewController.swift in Sources */ = {isa = PBXBuildFile; fileRef = 543913C62C296B8B006A2075 /* FinanceViewController.swift */; };
		543913CF2C296BE3006A2075 /* AnalyticViewController.swift in Sources */ = {isa = PBXBuildFile; fileRef = 543913CE2C296BE3006A2075 /* AnalyticViewController.swift */; };
		543913D72C296C18006A2075 /* HomeViewController.swift in Sources */ = {isa = PBXBuildFile; fileRef = 543913D62C296C18006A2075 /* HomeViewController.swift */; };
		543913DB2C299FB2006A2075 /* HomeModel.swift in Sources */ = {isa = PBXBuildFile; fileRef = 543913DA2C299FB2006A2075 /* HomeModel.swift */; };
		543913DE2C2AA783006A2075 /* HomeCollectionViewCell.swift in Sources */ = {isa = PBXBuildFile; fileRef = 543913DD2C2AA783006A2075 /* HomeCollectionViewCell.swift */; };
		543913E12C2AAD93006A2075 /* Protocols.swift in Sources */ = {isa = PBXBuildFile; fileRef = 543913E02C2AAD93006A2075 /* Protocols.swift */; };
		543913E42C2ABC97006A2075 /* UIColor+Extensions.swift in Sources */ = {isa = PBXBuildFile; fileRef = 543913E32C2ABC97006A2075 /* UIColor+Extensions.swift */; };
		543913E62C2ABCAF006A2075 /* AppColors.swift in Sources */ = {isa = PBXBuildFile; fileRef = 543913E52C2ABCAF006A2075 /* AppColors.swift */; };
		545D08722C317A3E005F19CE /* Alerts.swift in Sources */ = {isa = PBXBuildFile; fileRef = 545D08712C317A3E005F19CE /* Alerts.swift */; };
		545D087A2C318783005F19CE /* AddIncomeViewController.swift in Sources */ = {isa = PBXBuildFile; fileRef = 545D08792C318783005F19CE /* AddIncomeViewController.swift */; };
		545D087D2C3188B8005F19CE /* IncomeCategoryCollectionViewCell.swift in Sources */ = {isa = PBXBuildFile; fileRef = 545D087C2C3188B8005F19CE /* IncomeCategoryCollectionViewCell.swift */; };
		545D08802C32C2A4005F19CE /* LimitTableViewCell.swift in Sources */ = {isa = PBXBuildFile; fileRef = 545D087F2C32C2A4005F19CE /* LimitTableViewCell.swift */; };
		547C8DA12C2D7E11008EA96D /* AddExpenseViewController.swift in Sources */ = {isa = PBXBuildFile; fileRef = 547C8DA02C2D7E11008EA96D /* AddExpenseViewController.swift */; };
		5486D6502C393C96006FD511 /* ColorModel.swift in Sources */ = {isa = PBXBuildFile; fileRef = 5486D64F2C393C96006FD511 /* ColorModel.swift */; };
		5486D6532C393DCA006FD511 /* CurrencyModel.swift in Sources */ = {isa = PBXBuildFile; fileRef = 5486D6522C393DCA006FD511 /* CurrencyModel.swift */; };
		5486D6562C3941F5006FD511 /* ChangeCurrencyTableViewCell.swift in Sources */ = {isa = PBXBuildFile; fileRef = 5486D6552C3941F5006FD511 /* ChangeCurrencyTableViewCell.swift */; };
		5486D65A2C3946E7006FD511 /* SubscribeViewController.swift in Sources */ = {isa = PBXBuildFile; fileRef = 5486D6592C3946E7006FD511 /* SubscribeViewController.swift */; };
		54B69DD72C32FCBE00C2BD4E /* SettingsViewController.swift in Sources */ = {isa = PBXBuildFile; fileRef = 54B69DD62C32FCBE00C2BD4E /* SettingsViewController.swift */; };
		54B69DDA2C32FD1000C2BD4E /* SettingsTableViewCell.swift in Sources */ = {isa = PBXBuildFile; fileRef = 54B69DD92C32FD1000C2BD4E /* SettingsTableViewCell.swift */; };
		54B69DEF2C352C5F00C2BD4E /* SavingViewController.swift in Sources */ = {isa = PBXBuildFile; fileRef = 54B69DEE2C352C5F00C2BD4E /* SavingViewController.swift */; };
		54B69DF22C35310700C2BD4E /* SavingTableViewCell.swift in Sources */ = {isa = PBXBuildFile; fileRef = 54B69DF12C35310700C2BD4E /* SavingTableViewCell.swift */; };
		54B69DF62C3544F900C2BD4E /* AddSavingViewController.swift in Sources */ = {isa = PBXBuildFile; fileRef = 54B69DF52C3544F900C2BD4E /* AddSavingViewController.swift */; };
		54B69DF92C35528400C2BD4E /* Helpers.swift in Sources */ = {isa = PBXBuildFile; fileRef = 54B69DF82C35528400C2BD4E /* Helpers.swift */; };
		54B69DFD2C355A2800C2BD4E /* EditSavingViewController.swift in Sources */ = {isa = PBXBuildFile; fileRef = 54B69DFC2C355A2800C2BD4E /* EditSavingViewController.swift */; };
		54B69DFF2C357A9F00C2BD4E /* HomeCollectionCollectionViewCellSecondLast.swift in Sources */ = {isa = PBXBuildFile; fileRef = 54B69DFE2C357A9F00C2BD4E /* HomeCollectionCollectionViewCellSecondLast.swift */; };
		54B69E052C35904300C2BD4E /* SavingHomeCollectionViewCell.swift in Sources */ = {isa = PBXBuildFile; fileRef = 54B69E042C35904300C2BD4E /* SavingHomeCollectionViewCell.swift */; };
		54B69E0A2C36976500C2BD4E /* MonthlyPaymentViewController.swift in Sources */ = {isa = PBXBuildFile; fileRef = 54B69E092C36976500C2BD4E /* MonthlyPaymentViewController.swift */; };
		54B69E0D2C369A7A00C2BD4E /* MonthlyPaymentTableViewCell.swift in Sources */ = {isa = PBXBuildFile; fileRef = 54B69E0C2C369A7A00C2BD4E /* MonthlyPaymentTableViewCell.swift */; };
		54B69E112C36A25B00C2BD4E /* AddMonthlyPaymentViewController.swift in Sources */ = {isa = PBXBuildFile; fileRef = 54B69E102C36A25B00C2BD4E /* AddMonthlyPaymentViewController.swift */; };
		54B69E132C36A9DF00C2BD4E /* MontlyPaymentHomeCollectionViewCell.swift in Sources */ = {isa = PBXBuildFile; fileRef = 54B69E122C36A9DF00C2BD4E /* MontlyPaymentHomeCollectionViewCell.swift */; };
		54B69E1B2C36C39400C2BD4E /* TimeInterval+Extensions.swift in Sources */ = {isa = PBXBuildFile; fileRef = 54B69E1A2C36C39400C2BD4E /* TimeInterval+Extensions.swift */; };
		54B69E1E2C36D5BE00C2BD4E /* AnalyticTableViewCell.swift in Sources */ = {isa = PBXBuildFile; fileRef = 54B69E1D2C36D5BE00C2BD4E /* AnalyticTableViewCell.swift */; };
		54B69E232C3700C900C2BD4E /* (null) in Sources */ = {isa = PBXBuildFile; };
		54B69E272C3700F700C2BD4E /* (null) in Sources */ = {isa = PBXBuildFile; };
		54B69E2B2C37011400C2BD4E /* (null) in Sources */ = {isa = PBXBuildFile; };
		54B69E302C37EB2100C2BD4E /* DGChartsDynamic in Frameworks */ = {isa = PBXBuildFile; productRef = 54B69E2F2C37EB2100C2BD4E /* DGChartsDynamic */; };
		54B69E332C37EB2900C2BD4E /* RealmSwift in Frameworks */ = {isa = PBXBuildFile; productRef = 54B69E322C37EB2900C2BD4E /* RealmSwift */; };
		54BFBE912C2BF43C00379920 /* StorageManager.swift in Sources */ = {isa = PBXBuildFile; fileRef = 54BFBE902C2BF43C00379920 /* StorageManager.swift */; };
		54BFBE932C2BF45000379920 /* UserModel.swift in Sources */ = {isa = PBXBuildFile; fileRef = 54BFBE922C2BF45000379920 /* UserModel.swift */; };
		54BFBEB12C2C0BD400379920 /* HomeCollectionViewCellLast.swift in Sources */ = {isa = PBXBuildFile; fileRef = 54BFBEB02C2C0BD400379920 /* HomeCollectionViewCellLast.swift */; };
		54BFBEB72C2C17EB00379920 /* FinanceTableViewCell.swift in Sources */ = {isa = PBXBuildFile; fileRef = 54BFBEB62C2C17EB00379920 /* FinanceTableViewCell.swift */; };
		54C8A9122C2C390000AF2D6D /* LimitViewController.swift in Sources */ = {isa = PBXBuildFile; fileRef = 54C8A9112C2C390000AF2D6D /* LimitViewController.swift */; };
		54E7D31A2C37EBAB0097E0D2 /* ChangeCurrencyViewController.swift in Sources */ = {isa = PBXBuildFile; fileRef = 54E7D3192C37EBAB0097E0D2 /* ChangeCurrencyViewController.swift */; };
		54E7D31C2C37EBB60097E0D2 /* CategoryViewController.swift in Sources */ = {isa = PBXBuildFile; fileRef = 54E7D31B2C37EBB60097E0D2 /* CategoryViewController.swift */; };
		54E7D31F2C37EF970097E0D2 /* CategoryTableViewCell.swift in Sources */ = {isa = PBXBuildFile; fileRef = 54E7D31E2C37EF970097E0D2 /* CategoryTableViewCell.swift */; };
		54E7D3232C3801A50097E0D2 /* AddCategoryViewController.swift in Sources */ = {isa = PBXBuildFile; fileRef = 54E7D3222C3801A50097E0D2 /* AddCategoryViewController.swift */; };
		54E7D3272C38148E0097E0D2 /* ColorSelectionViewController.swift in Sources */ = {isa = PBXBuildFile; fileRef = 54E7D3262C38148E0097E0D2 /* ColorSelectionViewController.swift */; };
		54E7D32A2C3819500097E0D2 /* ColorSelectionCollectionViewCell.swift in Sources */ = {isa = PBXBuildFile; fileRef = 54E7D3292C3819500097E0D2 /* ColorSelectionCollectionViewCell.swift */; };
		54E7D32F2C382CFC0097E0D2 /* IconSelectionViewController.swift in Sources */ = {isa = PBXBuildFile; fileRef = 54E7D32E2C382CFC0097E0D2 /* IconSelectionViewController.swift */; };
		54E7D3322C382D140097E0D2 /* IconSelectionCollectionViewCell.swift in Sources */ = {isa = PBXBuildFile; fileRef = 54E7D3312C382D140097E0D2 /* IconSelectionCollectionViewCell.swift */; };
		54E7D3332C384A590097E0D2 /* RealmSwift in Embed Frameworks */ = {isa = PBXBuildFile; productRef = 54B69E322C37EB2900C2BD4E /* RealmSwift */; settings = {ATTRIBUTES = (CodeSignOnCopy, ); }; };
		54E7D3342C384A5A0097E0D2 /* DGChartsDynamic in Embed Frameworks */ = {isa = PBXBuildFile; productRef = 54B69E2F2C37EB2100C2BD4E /* DGChartsDynamic */; settings = {ATTRIBUTES = (CodeSignOnCopy, ); }; };
/* End PBXBuildFile section */

/* Begin PBXCopyFilesBuildPhase section */
		54BFBEA42C2BFC6900379920 /* Embed Frameworks */ = {
			isa = PBXCopyFilesBuildPhase;
			buildActionMask = 2147483647;
			dstPath = "";
			dstSubfolderSpec = 10;
			files = (
				54E7D3342C384A5A0097E0D2 /* DGChartsDynamic in Embed Frameworks */,
				54E7D3332C384A590097E0D2 /* RealmSwift in Embed Frameworks */,
			);
			name = "Embed Frameworks";
			runOnlyForDeploymentPostprocessing = 0;
		};
/* End PBXCopyFilesBuildPhase section */

/* Begin PBXFileReference section */
		223E3B222C2A2E6D005B3FD2 /* OnboardingViewController.swift */ = {isa = PBXFileReference; lastKnownFileType = sourcecode.swift; path = OnboardingViewController.swift; sourceTree = "<group>"; };
		2258CB062C36998900637949 /* Pods_FinTask.framework */ = {isa = PBXFileReference; explicitFileType = wrapper.framework; path = Pods_FinTask.framework; sourceTree = BUILT_PRODUCTS_DIR; };
		2258CB092C36999A00637949 /* RealmSwift.framework */ = {isa = PBXFileReference; explicitFileType = wrapper.framework; path = RealmSwift.framework; sourceTree = BUILT_PRODUCTS_DIR; };
		541AC7A32C2835A400AFA81C /* FinTask.app */ = {isa = PBXFileReference; explicitFileType = wrapper.application; includeInIndex = 0; path = FinTask.app; sourceTree = BUILT_PRODUCTS_DIR; };
		541AC7A62C2835A400AFA81C /* AppDelegate.swift */ = {isa = PBXFileReference; lastKnownFileType = sourcecode.swift; path = AppDelegate.swift; sourceTree = "<group>"; };
		541AC7A82C2835A400AFA81C /* SceneDelegate.swift */ = {isa = PBXFileReference; lastKnownFileType = sourcecode.swift; path = SceneDelegate.swift; sourceTree = "<group>"; };
		541AC7AA2C2835A400AFA81C /* TabBarViewController.swift */ = {isa = PBXFileReference; lastKnownFileType = sourcecode.swift; path = TabBarViewController.swift; sourceTree = "<group>"; };
		541AC7AF2C2835A500AFA81C /* Assets.xcassets */ = {isa = PBXFileReference; lastKnownFileType = folder.assetcatalog; path = Assets.xcassets; sourceTree = "<group>"; };
		541AC7B22C2835A500AFA81C /* Base */ = {isa = PBXFileReference; lastKnownFileType = file.storyboard; name = Base; path = Base.lproj/LaunchScreen.storyboard; sourceTree = "<group>"; };
		541AC7B42C2835A500AFA81C /* Info.plist */ = {isa = PBXFileReference; lastKnownFileType = text.plist.xml; path = Info.plist; sourceTree = "<group>"; };
		541C7D2E2C2FE80400928483 /* ExpenseCategoryCollectionViewCell.swift */ = {isa = PBXFileReference; lastKnownFileType = sourcecode.swift; path = ExpenseCategoryCollectionViewCell.swift; sourceTree = "<group>"; };
		543913C12C295944006A2075 /* Builder.swift */ = {isa = PBXFileReference; lastKnownFileType = sourcecode.swift; path = Builder.swift; sourceTree = "<group>"; };
		543913C62C296B8B006A2075 /* FinanceViewController.swift */ = {isa = PBXFileReference; lastKnownFileType = sourcecode.swift; path = FinanceViewController.swift; sourceTree = "<group>"; };
		543913CE2C296BE3006A2075 /* AnalyticViewController.swift */ = {isa = PBXFileReference; lastKnownFileType = sourcecode.swift; path = AnalyticViewController.swift; sourceTree = "<group>"; };
		543913D62C296C18006A2075 /* HomeViewController.swift */ = {isa = PBXFileReference; lastKnownFileType = sourcecode.swift; path = HomeViewController.swift; sourceTree = "<group>"; };
		543913DA2C299FB2006A2075 /* HomeModel.swift */ = {isa = PBXFileReference; lastKnownFileType = sourcecode.swift; path = HomeModel.swift; sourceTree = "<group>"; };
		543913DD2C2AA783006A2075 /* HomeCollectionViewCell.swift */ = {isa = PBXFileReference; lastKnownFileType = sourcecode.swift; path = HomeCollectionViewCell.swift; sourceTree = "<group>"; };
		543913E02C2AAD93006A2075 /* Protocols.swift */ = {isa = PBXFileReference; lastKnownFileType = sourcecode.swift; path = Protocols.swift; sourceTree = "<group>"; };
		543913E32C2ABC97006A2075 /* UIColor+Extensions.swift */ = {isa = PBXFileReference; lastKnownFileType = sourcecode.swift; path = "UIColor+Extensions.swift"; sourceTree = "<group>"; };
		543913E52C2ABCAF006A2075 /* AppColors.swift */ = {isa = PBXFileReference; lastKnownFileType = sourcecode.swift; path = AppColors.swift; sourceTree = "<group>"; };
		545D08712C317A3E005F19CE /* Alerts.swift */ = {isa = PBXFileReference; lastKnownFileType = sourcecode.swift; path = Alerts.swift; sourceTree = "<group>"; };
		545D08792C318783005F19CE /* AddIncomeViewController.swift */ = {isa = PBXFileReference; lastKnownFileType = sourcecode.swift; path = AddIncomeViewController.swift; sourceTree = "<group>"; };
		545D087C2C3188B8005F19CE /* IncomeCategoryCollectionViewCell.swift */ = {isa = PBXFileReference; lastKnownFileType = sourcecode.swift; path = IncomeCategoryCollectionViewCell.swift; sourceTree = "<group>"; };
		545D087F2C32C2A4005F19CE /* LimitTableViewCell.swift */ = {isa = PBXFileReference; lastKnownFileType = sourcecode.swift; path = LimitTableViewCell.swift; sourceTree = "<group>"; };
		547C8DA02C2D7E11008EA96D /* AddExpenseViewController.swift */ = {isa = PBXFileReference; lastKnownFileType = sourcecode.swift; path = AddExpenseViewController.swift; sourceTree = "<group>"; };
		5486D64F2C393C96006FD511 /* ColorModel.swift */ = {isa = PBXFileReference; lastKnownFileType = sourcecode.swift; path = ColorModel.swift; sourceTree = "<group>"; };
		5486D6522C393DCA006FD511 /* CurrencyModel.swift */ = {isa = PBXFileReference; lastKnownFileType = sourcecode.swift; path = CurrencyModel.swift; sourceTree = "<group>"; };
		5486D6552C3941F5006FD511 /* ChangeCurrencyTableViewCell.swift */ = {isa = PBXFileReference; lastKnownFileType = sourcecode.swift; path = ChangeCurrencyTableViewCell.swift; sourceTree = "<group>"; };
		5486D6592C3946E7006FD511 /* SubscribeViewController.swift */ = {isa = PBXFileReference; lastKnownFileType = sourcecode.swift; path = SubscribeViewController.swift; sourceTree = "<group>"; };
		54B69DD62C32FCBE00C2BD4E /* SettingsViewController.swift */ = {isa = PBXFileReference; lastKnownFileType = sourcecode.swift; path = SettingsViewController.swift; sourceTree = "<group>"; };
		54B69DD92C32FD1000C2BD4E /* SettingsTableViewCell.swift */ = {isa = PBXFileReference; lastKnownFileType = sourcecode.swift; path = SettingsTableViewCell.swift; sourceTree = "<group>"; };
		54B69DEE2C352C5F00C2BD4E /* SavingViewController.swift */ = {isa = PBXFileReference; lastKnownFileType = sourcecode.swift; path = SavingViewController.swift; sourceTree = "<group>"; };
		54B69DF12C35310700C2BD4E /* SavingTableViewCell.swift */ = {isa = PBXFileReference; lastKnownFileType = sourcecode.swift; path = SavingTableViewCell.swift; sourceTree = "<group>"; };
		54B69DF52C3544F900C2BD4E /* AddSavingViewController.swift */ = {isa = PBXFileReference; lastKnownFileType = sourcecode.swift; path = AddSavingViewController.swift; sourceTree = "<group>"; };
		54B69DF82C35528400C2BD4E /* Helpers.swift */ = {isa = PBXFileReference; lastKnownFileType = sourcecode.swift; path = Helpers.swift; sourceTree = "<group>"; };
		54B69DFC2C355A2800C2BD4E /* EditSavingViewController.swift */ = {isa = PBXFileReference; lastKnownFileType = sourcecode.swift; path = EditSavingViewController.swift; sourceTree = "<group>"; };
		54B69DFE2C357A9F00C2BD4E /* HomeCollectionCollectionViewCellSecondLast.swift */ = {isa = PBXFileReference; lastKnownFileType = sourcecode.swift; path = HomeCollectionCollectionViewCellSecondLast.swift; sourceTree = "<group>"; };
		54B69E042C35904300C2BD4E /* SavingHomeCollectionViewCell.swift */ = {isa = PBXFileReference; lastKnownFileType = sourcecode.swift; path = SavingHomeCollectionViewCell.swift; sourceTree = "<group>"; };
		54B69E092C36976500C2BD4E /* MonthlyPaymentViewController.swift */ = {isa = PBXFileReference; lastKnownFileType = sourcecode.swift; path = MonthlyPaymentViewController.swift; sourceTree = "<group>"; };
		54B69E0C2C369A7A00C2BD4E /* MonthlyPaymentTableViewCell.swift */ = {isa = PBXFileReference; lastKnownFileType = sourcecode.swift; path = MonthlyPaymentTableViewCell.swift; sourceTree = "<group>"; };
		54B69E102C36A25B00C2BD4E /* AddMonthlyPaymentViewController.swift */ = {isa = PBXFileReference; lastKnownFileType = sourcecode.swift; path = AddMonthlyPaymentViewController.swift; sourceTree = "<group>"; };
		54B69E122C36A9DF00C2BD4E /* MontlyPaymentHomeCollectionViewCell.swift */ = {isa = PBXFileReference; lastKnownFileType = sourcecode.swift; path = MontlyPaymentHomeCollectionViewCell.swift; sourceTree = "<group>"; };
		54B69E1A2C36C39400C2BD4E /* TimeInterval+Extensions.swift */ = {isa = PBXFileReference; lastKnownFileType = sourcecode.swift; path = "TimeInterval+Extensions.swift"; sourceTree = "<group>"; };
		54B69E1D2C36D5BE00C2BD4E /* AnalyticTableViewCell.swift */ = {isa = PBXFileReference; lastKnownFileType = sourcecode.swift; path = AnalyticTableViewCell.swift; sourceTree = "<group>"; };
		54BFBE902C2BF43C00379920 /* StorageManager.swift */ = {isa = PBXFileReference; lastKnownFileType = sourcecode.swift; path = StorageManager.swift; sourceTree = "<group>"; };
		54BFBE922C2BF45000379920 /* UserModel.swift */ = {isa = PBXFileReference; lastKnownFileType = sourcecode.swift; path = UserModel.swift; sourceTree = "<group>"; };
		54BFBEB02C2C0BD400379920 /* HomeCollectionViewCellLast.swift */ = {isa = PBXFileReference; lastKnownFileType = sourcecode.swift; path = HomeCollectionViewCellLast.swift; sourceTree = "<group>"; };
		54BFBEB62C2C17EB00379920 /* FinanceTableViewCell.swift */ = {isa = PBXFileReference; lastKnownFileType = sourcecode.swift; path = FinanceTableViewCell.swift; sourceTree = "<group>"; };
		54C8A9112C2C390000AF2D6D /* LimitViewController.swift */ = {isa = PBXFileReference; lastKnownFileType = sourcecode.swift; path = LimitViewController.swift; sourceTree = "<group>"; };
		54E7D3192C37EBAB0097E0D2 /* ChangeCurrencyViewController.swift */ = {isa = PBXFileReference; lastKnownFileType = sourcecode.swift; path = ChangeCurrencyViewController.swift; sourceTree = "<group>"; };
		54E7D31B2C37EBB60097E0D2 /* CategoryViewController.swift */ = {isa = PBXFileReference; lastKnownFileType = sourcecode.swift; path = CategoryViewController.swift; sourceTree = "<group>"; };
		54E7D31E2C37EF970097E0D2 /* CategoryTableViewCell.swift */ = {isa = PBXFileReference; lastKnownFileType = sourcecode.swift; path = CategoryTableViewCell.swift; sourceTree = "<group>"; };
		54E7D3222C3801A50097E0D2 /* AddCategoryViewController.swift */ = {isa = PBXFileReference; lastKnownFileType = sourcecode.swift; path = AddCategoryViewController.swift; sourceTree = "<group>"; };
		54E7D3262C38148E0097E0D2 /* ColorSelectionViewController.swift */ = {isa = PBXFileReference; lastKnownFileType = sourcecode.swift; path = ColorSelectionViewController.swift; sourceTree = "<group>"; };
		54E7D3292C3819500097E0D2 /* ColorSelectionCollectionViewCell.swift */ = {isa = PBXFileReference; lastKnownFileType = sourcecode.swift; path = ColorSelectionCollectionViewCell.swift; sourceTree = "<group>"; };
		54E7D32E2C382CFC0097E0D2 /* IconSelectionViewController.swift */ = {isa = PBXFileReference; lastKnownFileType = sourcecode.swift; path = IconSelectionViewController.swift; sourceTree = "<group>"; };
		54E7D3312C382D140097E0D2 /* IconSelectionCollectionViewCell.swift */ = {isa = PBXFileReference; lastKnownFileType = sourcecode.swift; path = IconSelectionCollectionViewCell.swift; sourceTree = "<group>"; };
/* End PBXFileReference section */

/* Begin PBXFrameworksBuildPhase section */
		541AC7A02C2835A400AFA81C /* Frameworks */ = {
			isa = PBXFrameworksBuildPhase;
			buildActionMask = 2147483647;
			files = (
				54B69E332C37EB2900C2BD4E /* RealmSwift in Frameworks */,
				54B69E302C37EB2100C2BD4E /* DGChartsDynamic in Frameworks */,
			);
			runOnlyForDeploymentPostprocessing = 0;
		};
/* End PBXFrameworksBuildPhase section */

/* Begin PBXGroup section */
		223E3B202C2A2E0F005B3FD2 /* Onboarding */ = {
			isa = PBXGroup;
			children = (
				223E3B212C2A2E4A005B3FD2 /* ViewController */,
			);
			path = Onboarding;
			sourceTree = "<group>";
		};
		223E3B212C2A2E4A005B3FD2 /* ViewController */ = {
			isa = PBXGroup;
			children = (
				223E3B222C2A2E6D005B3FD2 /* OnboardingViewController.swift */,
			);
			path = ViewController;
			sourceTree = "<group>";
		};
		2258CB052C36998900637949 /* Frameworks */ = {
			isa = PBXGroup;
			children = (
				2258CB092C36999A00637949 /* RealmSwift.framework */,
				2258CB062C36998900637949 /* Pods_FinTask.framework */,
			);
			name = Frameworks;
			sourceTree = "<group>";
		};
		22BD30082C2871C400945318 /* Module */ = {
			isa = PBXGroup;
			children = (
				5486D6572C3946C6006FD511 /* Subscribe */,
				54B69E1F2C37008B00C2BD4E /* GroupSettings */,
				54B69E0E2C36A24100C2BD4E /* AddMonthlyPayment */,
				54B69E072C36974700C2BD4E /* MonthlyPayment */,
				54B69DFA2C355A1600C2BD4E /* EditSaving */,
				54B69DF32C3544DD00C2BD4E /* AddSaving */,
				54B69DEB2C352C2800C2BD4E /* Saving */,
				545D08772C31876E005F19CE /* AddIncome */,
				547C8D9F2C2D7DCC008EA96D /* AddExpense */,
				223E3B202C2A2E0F005B3FD2 /* Onboarding */,
				543913D02C296BE9006A2075 /* Setting */,
				543913CC2C296BC8006A2075 /* Analytics */,
				543913D42C296C0B006A2075 /* Home */,
				54C8A90F2C2C38DE00AF2D6D /* Limit */,
				543913C42C296B2C006A2075 /* Finance */,
				22BD300A2C2871DB00945318 /* MainTabBar */,
			);
			path = Module;
			sourceTree = "<group>";
		};
		22BD300A2C2871DB00945318 /* MainTabBar */ = {
			isa = PBXGroup;
			children = (
				541AC7AA2C2835A400AFA81C /* TabBarViewController.swift */,
			);
			path = MainTabBar;
			sourceTree = "<group>";
		};
		541AC79A2C2835A400AFA81C = {
			isa = PBXGroup;
			children = (
				541AC7A52C2835A400AFA81C /* FinTask */,
				541AC7A42C2835A400AFA81C /* Products */,
				2258CB052C36998900637949 /* Frameworks */,
			);
			sourceTree = "<group>";
		};
		541AC7A42C2835A400AFA81C /* Products */ = {
			isa = PBXGroup;
			children = (
				541AC7A32C2835A400AFA81C /* FinTask.app */,
			);
			name = Products;
			sourceTree = "<group>";
		};
		541AC7A52C2835A400AFA81C /* FinTask */ = {
			isa = PBXGroup;
			children = (
				543913DF2C2AAD89006A2075 /* Helpers */,
				543913C02C295935006A2075 /* Builder */,
				22BD30082C2871C400945318 /* Module */,
				543913C32C295A1D006A2075 /* Common */,
				541AC7AF2C2835A500AFA81C /* Assets.xcassets */,
				541AC7B12C2835A500AFA81C /* LaunchScreen.storyboard */,
				541AC7B42C2835A500AFA81C /* Info.plist */,
			);
			path = FinTask;
			sourceTree = "<group>";
		};
		541C7D2B2C2FE7E400928483 /* ViewController */ = {
			isa = PBXGroup;
			children = (
				547C8DA02C2D7E11008EA96D /* AddExpenseViewController.swift */,
			);
			path = ViewController;
			sourceTree = "<group>";
		};
		541C7D2C2C2FE7ED00928483 /* View */ = {
			isa = PBXGroup;
			children = (
				541C7D2E2C2FE80400928483 /* ExpenseCategoryCollectionViewCell.swift */,
			);
			path = View;
			sourceTree = "<group>";
		};
		543913C02C295935006A2075 /* Builder */ = {
			isa = PBXGroup;
			children = (
				543913C12C295944006A2075 /* Builder.swift */,
			);
			path = Builder;
			sourceTree = "<group>";
		};
		543913C32C295A1D006A2075 /* Common */ = {
			isa = PBXGroup;
			children = (
				541AC7A62C2835A400AFA81C /* AppDelegate.swift */,
				541AC7A82C2835A400AFA81C /* SceneDelegate.swift */,
			);
			path = Common;
			sourceTree = "<group>";
		};
		543913C42C296B2C006A2075 /* Finance */ = {
			isa = PBXGroup;
			children = (
				54BFBEB52C2C17D700379920 /* View */,
				543913C52C296B45006A2075 /* ViewController */,
			);
			path = Finance;
			sourceTree = "<group>";
		};
		543913C52C296B45006A2075 /* ViewController */ = {
			isa = PBXGroup;
			children = (
				543913C62C296B8B006A2075 /* FinanceViewController.swift */,
			);
			path = ViewController;
			sourceTree = "<group>";
		};
		543913CC2C296BC8006A2075 /* Analytics */ = {
			isa = PBXGroup;
			children = (
				54B69E1C2C36D5A200C2BD4E /* View */,
				543913CD2C296BD9006A2075 /* ViewController */,
			);
			path = Analytics;
			sourceTree = "<group>";
		};
		543913CD2C296BD9006A2075 /* ViewController */ = {
			isa = PBXGroup;
			children = (
				543913CE2C296BE3006A2075 /* AnalyticViewController.swift */,
			);
			path = ViewController;
			sourceTree = "<group>";
		};
		543913D02C296BE9006A2075 /* Setting */ = {
			isa = PBXGroup;
			children = (
				54B69DD82C32FD0200C2BD4E /* View */,
				543913D12C296BED006A2075 /* ViewController */,
			);
			path = Setting;
			sourceTree = "<group>";
		};
		543913D12C296BED006A2075 /* ViewController */ = {
			isa = PBXGroup;
			children = (
				54B69DD62C32FCBE00C2BD4E /* SettingsViewController.swift */,
			);
			path = ViewController;
			sourceTree = "<group>";
		};
		543913D42C296C0B006A2075 /* Home */ = {
			isa = PBXGroup;
			children = (
				543913DC2C2AA76E006A2075 /* View */,
				543913D92C299FA4006A2075 /* Model */,
				543913D52C296C0F006A2075 /* ViewController */,
			);
			path = Home;
			sourceTree = "<group>";
		};
		543913D52C296C0F006A2075 /* ViewController */ = {
			isa = PBXGroup;
			children = (
				543913D62C296C18006A2075 /* HomeViewController.swift */,
			);
			path = ViewController;
			sourceTree = "<group>";
		};
		543913D92C299FA4006A2075 /* Model */ = {
			isa = PBXGroup;
			children = (
				543913DA2C299FB2006A2075 /* HomeModel.swift */,
				54BFBE922C2BF45000379920 /* UserModel.swift */,
			);
			path = Model;
			sourceTree = "<group>";
		};
		543913DC2C2AA76E006A2075 /* View */ = {
			isa = PBXGroup;
			children = (
				543913DD2C2AA783006A2075 /* HomeCollectionViewCell.swift */,
				54B69DFE2C357A9F00C2BD4E /* HomeCollectionCollectionViewCellSecondLast.swift */,
				54BFBEB02C2C0BD400379920 /* HomeCollectionViewCellLast.swift */,
				54B69E042C35904300C2BD4E /* SavingHomeCollectionViewCell.swift */,
				54B69E122C36A9DF00C2BD4E /* MontlyPaymentHomeCollectionViewCell.swift */,
			);
			path = View;
			sourceTree = "<group>";
		};
		543913DF2C2AAD89006A2075 /* Helpers */ = {
			isa = PBXGroup;
			children = (
				543913E22C2ABC8A006A2075 /* Extensions */,
				543913E02C2AAD93006A2075 /* Protocols.swift */,
				54BFBE902C2BF43C00379920 /* StorageManager.swift */,
				545D08712C317A3E005F19CE /* Alerts.swift */,
				54B69DF82C35528400C2BD4E /* Helpers.swift */,
			);
			path = Helpers;
			sourceTree = "<group>";
		};
		543913E22C2ABC8A006A2075 /* Extensions */ = {
			isa = PBXGroup;
			children = (
				543913E32C2ABC97006A2075 /* UIColor+Extensions.swift */,
				543913E52C2ABCAF006A2075 /* AppColors.swift */,
				54B69E1A2C36C39400C2BD4E /* TimeInterval+Extensions.swift */,
			);
			path = Extensions;
			sourceTree = "<group>";
		};
		545D08772C31876E005F19CE /* AddIncome */ = {
			isa = PBXGroup;
			children = (
				545D087B2C318899005F19CE /* View */,
				545D08782C318776005F19CE /* ViewController */,
			);
			path = AddIncome;
			sourceTree = "<group>";
		};
		545D08782C318776005F19CE /* ViewController */ = {
			isa = PBXGroup;
			children = (
				545D08792C318783005F19CE /* AddIncomeViewController.swift */,
			);
			path = ViewController;
			sourceTree = "<group>";
		};
		545D087B2C318899005F19CE /* View */ = {
			isa = PBXGroup;
			children = (
				545D087C2C3188B8005F19CE /* IncomeCategoryCollectionViewCell.swift */,
			);
			path = View;
			sourceTree = "<group>";
		};
		545D087E2C32C28E005F19CE /* View */ = {
			isa = PBXGroup;
			children = (
				545D087F2C32C2A4005F19CE /* LimitTableViewCell.swift */,
			);
			path = View;
			sourceTree = "<group>";
		};
		547C8D9F2C2D7DCC008EA96D /* AddExpense */ = {
			isa = PBXGroup;
			children = (
				541C7D2C2C2FE7ED00928483 /* View */,
				541C7D2B2C2FE7E400928483 /* ViewController */,
			);
			path = AddExpense;
			sourceTree = "<group>";
		};
		5486D64E2C393C81006FD511 /* Model */ = {
			isa = PBXGroup;
			children = (
				5486D64F2C393C96006FD511 /* ColorModel.swift */,
			);
			path = Model;
			sourceTree = "<group>";
		};
		5486D6512C393DBD006FD511 /* Model */ = {
			isa = PBXGroup;
			children = (
				5486D6522C393DCA006FD511 /* CurrencyModel.swift */,
			);
			path = Model;
			sourceTree = "<group>";
		};
		5486D6542C3941E2006FD511 /* View */ = {
			isa = PBXGroup;
			children = (
				5486D6552C3941F5006FD511 /* ChangeCurrencyTableViewCell.swift */,
			);
			path = View;
			sourceTree = "<group>";
		};
		5486D6572C3946C6006FD511 /* Subscribe */ = {
			isa = PBXGroup;
			children = (
				5486D6582C3946D2006FD511 /* ViewController */,
			);
			path = Subscribe;
			sourceTree = "<group>";
		};
		5486D6582C3946D2006FD511 /* ViewController */ = {
			isa = PBXGroup;
			children = (
				5486D6592C3946E7006FD511 /* SubscribeViewController.swift */,
			);
			path = ViewController;
			sourceTree = "<group>";
		};
		54B69DD82C32FD0200C2BD4E /* View */ = {
			isa = PBXGroup;
			children = (
				54B69DD92C32FD1000C2BD4E /* SettingsTableViewCell.swift */,
			);
			path = View;
			sourceTree = "<group>";
		};
		54B69DEB2C352C2800C2BD4E /* Saving */ = {
			isa = PBXGroup;
			children = (
				54B69DF02C3530F500C2BD4E /* View */,
				54B69DED2C352C4E00C2BD4E /* ViewController */,
			);
			path = Saving;
			sourceTree = "<group>";
		};
		54B69DED2C352C4E00C2BD4E /* ViewController */ = {
			isa = PBXGroup;
			children = (
				54B69DEE2C352C5F00C2BD4E /* SavingViewController.swift */,
			);
			path = ViewController;
			sourceTree = "<group>";
		};
		54B69DF02C3530F500C2BD4E /* View */ = {
			isa = PBXGroup;
			children = (
				54B69DF12C35310700C2BD4E /* SavingTableViewCell.swift */,
			);
			path = View;
			sourceTree = "<group>";
		};
		54B69DF32C3544DD00C2BD4E /* AddSaving */ = {
			isa = PBXGroup;
			children = (
				54B69DF42C3544E300C2BD4E /* ViewController */,
			);
			path = AddSaving;
			sourceTree = "<group>";
		};
		54B69DF42C3544E300C2BD4E /* ViewController */ = {
			isa = PBXGroup;
			children = (
				54B69DF52C3544F900C2BD4E /* AddSavingViewController.swift */,
			);
			path = ViewController;
			sourceTree = "<group>";
		};
		54B69DFA2C355A1600C2BD4E /* EditSaving */ = {
			isa = PBXGroup;
			children = (
				54B69DFB2C355A1B00C2BD4E /* ViewController */,
			);
			path = EditSaving;
			sourceTree = "<group>";
		};
		54B69DFB2C355A1B00C2BD4E /* ViewController */ = {
			isa = PBXGroup;
			children = (
				54B69DFC2C355A2800C2BD4E /* EditSavingViewController.swift */,
			);
			path = ViewController;
			sourceTree = "<group>";
		};
		54B69E072C36974700C2BD4E /* MonthlyPayment */ = {
			isa = PBXGroup;
			children = (
				54B69E0B2C369A6900C2BD4E /* View */,
				54B69E082C36975700C2BD4E /* ViewController */,
			);
			path = MonthlyPayment;
			sourceTree = "<group>";
		};
		54B69E082C36975700C2BD4E /* ViewController */ = {
			isa = PBXGroup;
			children = (
				54B69E092C36976500C2BD4E /* MonthlyPaymentViewController.swift */,
			);
			path = ViewController;
			sourceTree = "<group>";
		};
		54B69E0B2C369A6900C2BD4E /* View */ = {
			isa = PBXGroup;
			children = (
				54B69E0C2C369A7A00C2BD4E /* MonthlyPaymentTableViewCell.swift */,
			);
			path = View;
			sourceTree = "<group>";
		};
		54B69E0E2C36A24100C2BD4E /* AddMonthlyPayment */ = {
			isa = PBXGroup;
			children = (
				54B69E0F2C36A24B00C2BD4E /* ViewController */,
			);
			path = AddMonthlyPayment;
			sourceTree = "<group>";
		};
		54B69E0F2C36A24B00C2BD4E /* ViewController */ = {
			isa = PBXGroup;
			children = (
				54B69E102C36A25B00C2BD4E /* AddMonthlyPaymentViewController.swift */,
			);
			path = ViewController;
			sourceTree = "<group>";
		};
		54B69E1C2C36D5A200C2BD4E /* View */ = {
			isa = PBXGroup;
			children = (
				54B69E1D2C36D5BE00C2BD4E /* AnalyticTableViewCell.swift */,
			);
			path = View;
			sourceTree = "<group>";
		};
		54B69E1F2C37008B00C2BD4E /* GroupSettings */ = {
			isa = PBXGroup;
			children = (
				54E7D32B2C382CD30097E0D2 /* IconSelection */,
				54E7D3242C3814720097E0D2 /* ColorSelection */,
				54E7D3202C3801900097E0D2 /* AddCategory */,
				54B69E242C3700D000C2BD4E /* Currency */,
				54B69E202C3700A800C2BD4E /* Category */,
			);
			path = GroupSettings;
			sourceTree = "<group>";
		};
		54B69E202C3700A800C2BD4E /* Category */ = {
			isa = PBXGroup;
			children = (
				54E7D31D2C37EF800097E0D2 /* View */,
				54B69E212C3700AD00C2BD4E /* ViewController */,
			);
			path = Category;
			sourceTree = "<group>";
		};
		54B69E212C3700AD00C2BD4E /* ViewController */ = {
			isa = PBXGroup;
			children = (
				54E7D31B2C37EBB60097E0D2 /* CategoryViewController.swift */,
			);
			path = ViewController;
			sourceTree = "<group>";
		};
		54B69E242C3700D000C2BD4E /* Currency */ = {
			isa = PBXGroup;
			children = (
				5486D6512C393DBD006FD511 /* Model */,
				5486D6542C3941E2006FD511 /* View */,
				54B69E252C3700D900C2BD4E /* ViewController */,
			);
			path = Currency;
			sourceTree = "<group>";
		};
		54B69E252C3700D900C2BD4E /* ViewController */ = {
			isa = PBXGroup;
			children = (
				54E7D3192C37EBAB0097E0D2 /* ChangeCurrencyViewController.swift */,
			);
			path = ViewController;
			sourceTree = "<group>";
		};
		54BFBEB52C2C17D700379920 /* View */ = {
			isa = PBXGroup;
			children = (
				54BFBEB62C2C17EB00379920 /* FinanceTableViewCell.swift */,
			);
			path = View;
			sourceTree = "<group>";
		};
		54C8A90F2C2C38DE00AF2D6D /* Limit */ = {
			isa = PBXGroup;
			children = (
				545D087E2C32C28E005F19CE /* View */,
				54C8A9102C2C38EA00AF2D6D /* ViewController */,
			);
			path = Limit;
			sourceTree = "<group>";
		};
		54C8A9102C2C38EA00AF2D6D /* ViewController */ = {
			isa = PBXGroup;
			children = (
				54C8A9112C2C390000AF2D6D /* LimitViewController.swift */,
			);
			path = ViewController;
			sourceTree = "<group>";
		};
		54E7D31D2C37EF800097E0D2 /* View */ = {
			isa = PBXGroup;
			children = (
				54E7D31E2C37EF970097E0D2 /* CategoryTableViewCell.swift */,
			);
			path = View;
			sourceTree = "<group>";
		};
		54E7D3202C3801900097E0D2 /* AddCategory */ = {
			isa = PBXGroup;
			children = (
				54E7D3212C3801970097E0D2 /* ViewController */,
			);
			path = AddCategory;
			sourceTree = "<group>";
		};
		54E7D3212C3801970097E0D2 /* ViewController */ = {
			isa = PBXGroup;
			children = (
				54E7D3222C3801A50097E0D2 /* AddCategoryViewController.swift */,
			);
			path = ViewController;
			sourceTree = "<group>";
		};
		54E7D3242C3814720097E0D2 /* ColorSelection */ = {
			isa = PBXGroup;
			children = (
				5486D64E2C393C81006FD511 /* Model */,
				54E7D3282C3819160097E0D2 /* View */,
				54E7D3252C3814820097E0D2 /* ViewController */,
			);
			path = ColorSelection;
			sourceTree = "<group>";
		};
		54E7D3252C3814820097E0D2 /* ViewController */ = {
			isa = PBXGroup;
			children = (
				54E7D3262C38148E0097E0D2 /* ColorSelectionViewController.swift */,
			);
			path = ViewController;
			sourceTree = "<group>";
		};
		54E7D3282C3819160097E0D2 /* View */ = {
			isa = PBXGroup;
			children = (
				54E7D3292C3819500097E0D2 /* ColorSelectionCollectionViewCell.swift */,
			);
			path = View;
			sourceTree = "<group>";
		};
		54E7D32B2C382CD30097E0D2 /* IconSelection */ = {
			isa = PBXGroup;
			children = (
				54E7D32D2C382CDF0097E0D2 /* View */,
				54E7D32C2C382CDA0097E0D2 /* ViewController */,
			);
			path = IconSelection;
			sourceTree = "<group>";
		};
		54E7D32C2C382CDA0097E0D2 /* ViewController */ = {
			isa = PBXGroup;
			children = (
				54E7D32E2C382CFC0097E0D2 /* IconSelectionViewController.swift */,
			);
			path = ViewController;
			sourceTree = "<group>";
		};
		54E7D32D2C382CDF0097E0D2 /* View */ = {
			isa = PBXGroup;
			children = (
				54E7D3312C382D140097E0D2 /* IconSelectionCollectionViewCell.swift */,
			);
			path = View;
			sourceTree = "<group>";
		};
/* End PBXGroup section */

/* Begin PBXNativeTarget section */
		541AC7A22C2835A400AFA81C /* FinTask */ = {
			isa = PBXNativeTarget;
			buildConfigurationList = 541AC7B72C2835A500AFA81C /* Build configuration list for PBXNativeTarget "FinTask" */;
			buildPhases = (
				541AC79F2C2835A400AFA81C /* Sources */,
				541AC7A02C2835A400AFA81C /* Frameworks */,
				541AC7A12C2835A400AFA81C /* Resources */,
				54BFBEA42C2BFC6900379920 /* Embed Frameworks */,
			);
			buildRules = (
			);
			dependencies = (
			);
			name = FinTask;
			packageProductDependencies = (
				54B69E2F2C37EB2100C2BD4E /* DGChartsDynamic */,
				54B69E322C37EB2900C2BD4E /* RealmSwift */,
			);
			productName = FinTask;
			productReference = 541AC7A32C2835A400AFA81C /* FinTask.app */;
			productType = "com.apple.product-type.application";
		};
/* End PBXNativeTarget section */

/* Begin PBXProject section */
		541AC79B2C2835A400AFA81C /* Project object */ = {
			isa = PBXProject;
			attributes = {
				BuildIndependentTargetsInParallel = 1;
				LastSwiftUpdateCheck = 1540;
				LastUpgradeCheck = 1540;
				TargetAttributes = {
					541AC7A22C2835A400AFA81C = {
						CreatedOnToolsVersion = 15.4;
					};
				};
			};
			buildConfigurationList = 541AC79E2C2835A400AFA81C /* Build configuration list for PBXProject "FinTask" */;
			compatibilityVersion = "Xcode 14.0";
			developmentRegion = en;
			hasScannedForEncodings = 0;
			knownRegions = (
				en,
				Base,
			);
			mainGroup = 541AC79A2C2835A400AFA81C;
			packageReferences = (
				54B69E2E2C37EB2100C2BD4E /* XCRemoteSwiftPackageReference "Charts" */,
				54B69E312C37EB2900C2BD4E /* XCRemoteSwiftPackageReference "realm-swift" */,
			);
			productRefGroup = 541AC7A42C2835A400AFA81C /* Products */;
			projectDirPath = "";
			projectRoot = "";
			targets = (
				541AC7A22C2835A400AFA81C /* FinTask */,
			);
		};
/* End PBXProject section */

/* Begin PBXResourcesBuildPhase section */
		541AC7A12C2835A400AFA81C /* Resources */ = {
			isa = PBXResourcesBuildPhase;
			buildActionMask = 2147483647;
			files = (
				541AC7B02C2835A500AFA81C /* Assets.xcassets in Resources */,
				541AC7B32C2835A500AFA81C /* Base in Resources */,
			);
			runOnlyForDeploymentPostprocessing = 0;
		};
/* End PBXResourcesBuildPhase section */

/* Begin PBXSourcesBuildPhase section */
		541AC79F2C2835A400AFA81C /* Sources */ = {
			isa = PBXSourcesBuildPhase;
			buildActionMask = 2147483647;
			files = (
				541AC7AB2C2835A400AFA81C /* TabBarViewController.swift in Sources */,
				54B69E232C3700C900C2BD4E /* (null) in Sources */,
				545D087D2C3188B8005F19CE /* IncomeCategoryCollectionViewCell.swift in Sources */,
				543913CF2C296BE3006A2075 /* AnalyticViewController.swift in Sources */,
				547C8DA12C2D7E11008EA96D /* AddExpenseViewController.swift in Sources */,
				541C7D2F2C2FE80400928483 /* ExpenseCategoryCollectionViewCell.swift in Sources */,
				54B69E112C36A25B00C2BD4E /* AddMonthlyPaymentViewController.swift in Sources */,
				541AC7A72C2835A400AFA81C /* AppDelegate.swift in Sources */,
				543913E42C2ABC97006A2075 /* UIColor+Extensions.swift in Sources */,
				545D087A2C318783005F19CE /* AddIncomeViewController.swift in Sources */,
				54B69DEF2C352C5F00C2BD4E /* SavingViewController.swift in Sources */,
				54B69E272C3700F700C2BD4E /* (null) in Sources */,
				54E7D31A2C37EBAB0097E0D2 /* ChangeCurrencyViewController.swift in Sources */,
				54E7D32A2C3819500097E0D2 /* ColorSelectionCollectionViewCell.swift in Sources */,
				54B69E0D2C369A7A00C2BD4E /* MonthlyPaymentTableViewCell.swift in Sources */,
				54B69E0A2C36976500C2BD4E /* MonthlyPaymentViewController.swift in Sources */,
				54B69DDA2C32FD1000C2BD4E /* SettingsTableViewCell.swift in Sources */,
				54B69E1E2C36D5BE00C2BD4E /* AnalyticTableViewCell.swift in Sources */,
				54C8A9122C2C390000AF2D6D /* LimitViewController.swift in Sources */,
				54B69E132C36A9DF00C2BD4E /* MontlyPaymentHomeCollectionViewCell.swift in Sources */,
				54B69DF22C35310700C2BD4E /* SavingTableViewCell.swift in Sources */,
				54E7D31C2C37EBB60097E0D2 /* CategoryViewController.swift in Sources */,
				541AC7A92C2835A400AFA81C /* SceneDelegate.swift in Sources */,
				54B69E2B2C37011400C2BD4E /* (null) in Sources */,
				54B69DF92C35528400C2BD4E /* Helpers.swift in Sources */,
				54E7D3232C3801A50097E0D2 /* AddCategoryViewController.swift in Sources */,
				54B69DD72C32FCBE00C2BD4E /* SettingsViewController.swift in Sources */,
				5486D65A2C3946E7006FD511 /* SubscribeViewController.swift in Sources */,
				543913E12C2AAD93006A2075 /* Protocols.swift in Sources */,
				543913D72C296C18006A2075 /* HomeViewController.swift in Sources */,
				54B69E1B2C36C39400C2BD4E /* TimeInterval+Extensions.swift in Sources */,
				54BFBEB72C2C17EB00379920 /* FinanceTableViewCell.swift in Sources */,
				54B69E052C35904300C2BD4E /* SavingHomeCollectionViewCell.swift in Sources */,
				5486D6502C393C96006FD511 /* ColorModel.swift in Sources */,
				543913DE2C2AA783006A2075 /* HomeCollectionViewCell.swift in Sources */,
				5486D6532C393DCA006FD511 /* CurrencyModel.swift in Sources */,
				543913C22C295944006A2075 /* Builder.swift in Sources */,
				54E7D3322C382D140097E0D2 /* IconSelectionCollectionViewCell.swift in Sources */,
				545D08802C32C2A4005F19CE /* LimitTableViewCell.swift in Sources */,
				54BFBE932C2BF45000379920 /* UserModel.swift in Sources */,
				54BFBEB12C2C0BD400379920 /* HomeCollectionViewCellLast.swift in Sources */,
				54E7D31F2C37EF970097E0D2 /* CategoryTableViewCell.swift in Sources */,
				54B69DFF2C357A9F00C2BD4E /* HomeCollectionCollectionViewCellSecondLast.swift in Sources */,
				223E3B232C2A2E6D005B3FD2 /* OnboardingViewController.swift in Sources */,
				54B69DF62C3544F900C2BD4E /* AddSavingViewController.swift in Sources */,
				543913C72C296B8B006A2075 /* FinanceViewController.swift in Sources */,
				54BFBE912C2BF43C00379920 /* StorageManager.swift in Sources */,
				54E7D32F2C382CFC0097E0D2 /* IconSelectionViewController.swift in Sources */,
				5486D6562C3941F5006FD511 /* ChangeCurrencyTableViewCell.swift in Sources */,
				543913E62C2ABCAF006A2075 /* AppColors.swift in Sources */,
				54B69DFD2C355A2800C2BD4E /* EditSavingViewController.swift in Sources */,
				545D08722C317A3E005F19CE /* Alerts.swift in Sources */,
				54E7D3272C38148E0097E0D2 /* ColorSelectionViewController.swift in Sources */,
				543913DB2C299FB2006A2075 /* HomeModel.swift in Sources */,
			);
			runOnlyForDeploymentPostprocessing = 0;
		};
/* End PBXSourcesBuildPhase section */

/* Begin PBXVariantGroup section */
		541AC7B12C2835A500AFA81C /* LaunchScreen.storyboard */ = {
			isa = PBXVariantGroup;
			children = (
				541AC7B22C2835A500AFA81C /* Base */,
			);
			name = LaunchScreen.storyboard;
			sourceTree = "<group>";
		};
/* End PBXVariantGroup section */

/* Begin XCBuildConfiguration section */
		541AC7B52C2835A500AFA81C /* Debug */ = {
			isa = XCBuildConfiguration;
			buildSettings = {
				ALWAYS_SEARCH_USER_PATHS = NO;
				ASSETCATALOG_COMPILER_GENERATE_SWIFT_ASSET_SYMBOL_EXTENSIONS = YES;
				CLANG_ANALYZER_NONNULL = YES;
				CLANG_ANALYZER_NUMBER_OBJECT_CONVERSION = YES_AGGRESSIVE;
				CLANG_CXX_LANGUAGE_STANDARD = "gnu++20";
				CLANG_ENABLE_MODULES = YES;
				CLANG_ENABLE_OBJC_ARC = YES;
				CLANG_ENABLE_OBJC_WEAK = YES;
				CLANG_WARN_BLOCK_CAPTURE_AUTORELEASING = YES;
				CLANG_WARN_BOOL_CONVERSION = YES;
				CLANG_WARN_COMMA = YES;
				CLANG_WARN_CONSTANT_CONVERSION = YES;
				CLANG_WARN_DEPRECATED_OBJC_IMPLEMENTATIONS = YES;
				CLANG_WARN_DIRECT_OBJC_ISA_USAGE = YES_ERROR;
				CLANG_WARN_DOCUMENTATION_COMMENTS = YES;
				CLANG_WARN_EMPTY_BODY = YES;
				CLANG_WARN_ENUM_CONVERSION = YES;
				CLANG_WARN_INFINITE_RECURSION = YES;
				CLANG_WARN_INT_CONVERSION = YES;
				CLANG_WARN_NON_LITERAL_NULL_CONVERSION = YES;
				CLANG_WARN_OBJC_IMPLICIT_RETAIN_SELF = YES;
				CLANG_WARN_OBJC_LITERAL_CONVERSION = YES;
				CLANG_WARN_OBJC_ROOT_CLASS = YES_ERROR;
				CLANG_WARN_QUOTED_INCLUDE_IN_FRAMEWORK_HEADER = YES;
				CLANG_WARN_RANGE_LOOP_ANALYSIS = YES;
				CLANG_WARN_STRICT_PROTOTYPES = YES;
				CLANG_WARN_SUSPICIOUS_MOVE = YES;
				CLANG_WARN_UNGUARDED_AVAILABILITY = YES_AGGRESSIVE;
				CLANG_WARN_UNREACHABLE_CODE = YES;
				CLANG_WARN__DUPLICATE_METHOD_MATCH = YES;
				COPY_PHASE_STRIP = NO;
				DEBUG_INFORMATION_FORMAT = dwarf;
				ENABLE_STRICT_OBJC_MSGSEND = YES;
				ENABLE_TESTABILITY = YES;
				ENABLE_USER_SCRIPT_SANDBOXING = YES;
				GCC_C_LANGUAGE_STANDARD = gnu17;
				GCC_DYNAMIC_NO_PIC = NO;
				GCC_NO_COMMON_BLOCKS = YES;
				GCC_OPTIMIZATION_LEVEL = 0;
				GCC_PREPROCESSOR_DEFINITIONS = (
					"DEBUG=1",
					"$(inherited)",
				);
				GCC_WARN_64_TO_32_BIT_CONVERSION = YES;
				GCC_WARN_ABOUT_RETURN_TYPE = YES_ERROR;
				GCC_WARN_UNDECLARED_SELECTOR = YES;
				GCC_WARN_UNINITIALIZED_AUTOS = YES_AGGRESSIVE;
				GCC_WARN_UNUSED_FUNCTION = YES;
				GCC_WARN_UNUSED_VARIABLE = YES;
				IPHONEOS_DEPLOYMENT_TARGET = 16.0;
				LOCALIZATION_PREFERS_STRING_CATALOGS = YES;
				MTL_ENABLE_DEBUG_INFO = INCLUDE_SOURCE;
				MTL_FAST_MATH = YES;
				ONLY_ACTIVE_ARCH = YES;
				SDKROOT = iphoneos;
				SWIFT_ACTIVE_COMPILATION_CONDITIONS = "DEBUG $(inherited)";
				SWIFT_OPTIMIZATION_LEVEL = "-Onone";
			};
			name = Debug;
		};
		541AC7B62C2835A500AFA81C /* Release */ = {
			isa = XCBuildConfiguration;
			buildSettings = {
				ALWAYS_SEARCH_USER_PATHS = NO;
				ASSETCATALOG_COMPILER_GENERATE_SWIFT_ASSET_SYMBOL_EXTENSIONS = YES;
				CLANG_ANALYZER_NONNULL = YES;
				CLANG_ANALYZER_NUMBER_OBJECT_CONVERSION = YES_AGGRESSIVE;
				CLANG_CXX_LANGUAGE_STANDARD = "gnu++20";
				CLANG_ENABLE_MODULES = YES;
				CLANG_ENABLE_OBJC_ARC = YES;
				CLANG_ENABLE_OBJC_WEAK = YES;
				CLANG_WARN_BLOCK_CAPTURE_AUTORELEASING = YES;
				CLANG_WARN_BOOL_CONVERSION = YES;
				CLANG_WARN_COMMA = YES;
				CLANG_WARN_CONSTANT_CONVERSION = YES;
				CLANG_WARN_DEPRECATED_OBJC_IMPLEMENTATIONS = YES;
				CLANG_WARN_DIRECT_OBJC_ISA_USAGE = YES_ERROR;
				CLANG_WARN_DOCUMENTATION_COMMENTS = YES;
				CLANG_WARN_EMPTY_BODY = YES;
				CLANG_WARN_ENUM_CONVERSION = YES;
				CLANG_WARN_INFINITE_RECURSION = YES;
				CLANG_WARN_INT_CONVERSION = YES;
				CLANG_WARN_NON_LITERAL_NULL_CONVERSION = YES;
				CLANG_WARN_OBJC_IMPLICIT_RETAIN_SELF = YES;
				CLANG_WARN_OBJC_LITERAL_CONVERSION = YES;
				CLANG_WARN_OBJC_ROOT_CLASS = YES_ERROR;
				CLANG_WARN_QUOTED_INCLUDE_IN_FRAMEWORK_HEADER = YES;
				CLANG_WARN_RANGE_LOOP_ANALYSIS = YES;
				CLANG_WARN_STRICT_PROTOTYPES = YES;
				CLANG_WARN_SUSPICIOUS_MOVE = YES;
				CLANG_WARN_UNGUARDED_AVAILABILITY = YES_AGGRESSIVE;
				CLANG_WARN_UNREACHABLE_CODE = YES;
				CLANG_WARN__DUPLICATE_METHOD_MATCH = YES;
				COPY_PHASE_STRIP = NO;
				DEBUG_INFORMATION_FORMAT = "dwarf-with-dsym";
				ENABLE_NS_ASSERTIONS = NO;
				ENABLE_STRICT_OBJC_MSGSEND = YES;
				ENABLE_USER_SCRIPT_SANDBOXING = YES;
				GCC_C_LANGUAGE_STANDARD = gnu17;
				GCC_NO_COMMON_BLOCKS = YES;
				GCC_WARN_64_TO_32_BIT_CONVERSION = YES;
				GCC_WARN_ABOUT_RETURN_TYPE = YES_ERROR;
				GCC_WARN_UNDECLARED_SELECTOR = YES;
				GCC_WARN_UNINITIALIZED_AUTOS = YES_AGGRESSIVE;
				GCC_WARN_UNUSED_FUNCTION = YES;
				GCC_WARN_UNUSED_VARIABLE = YES;
				IPHONEOS_DEPLOYMENT_TARGET = 16.0;
				LOCALIZATION_PREFERS_STRING_CATALOGS = YES;
				MTL_ENABLE_DEBUG_INFO = NO;
				MTL_FAST_MATH = YES;
				SDKROOT = iphoneos;
				SWIFT_COMPILATION_MODE = wholemodule;
				VALIDATE_PRODUCT = YES;
			};
			name = Release;
		};
		541AC7B82C2835A500AFA81C /* Debug */ = {
			isa = XCBuildConfiguration;
			buildSettings = {
				ASSETCATALOG_COMPILER_APPICON_NAME = AppIcon;
				ASSETCATALOG_COMPILER_GLOBAL_ACCENT_COLOR_NAME = AccentColor;
				CODE_SIGN_STYLE = Automatic;
				CURRENT_PROJECT_VERSION = 1;
				DEVELOPMENT_TEAM = 9W625278YK;
				GENERATE_INFOPLIST_FILE = YES;
				INFOPLIST_FILE = FinTask/Info.plist;
				INFOPLIST_KEY_LSApplicationCategoryType = "";
				INFOPLIST_KEY_NSLocationAlwaysAndWhenInUseUsageDescription = "Разрешите доступ к вашему местоположению для определения валюты на основе вашего текущего местоположения.";
				INFOPLIST_KEY_UIApplicationSupportsIndirectInputEvents = YES;
				INFOPLIST_KEY_UILaunchStoryboardName = LaunchScreen;
				INFOPLIST_KEY_UISupportedInterfaceOrientations_iPad = "UIInterfaceOrientationPortrait UIInterfaceOrientationPortraitUpsideDown UIInterfaceOrientationLandscapeLeft UIInterfaceOrientationLandscapeRight";
				INFOPLIST_KEY_UISupportedInterfaceOrientations_iPhone = "UIInterfaceOrientationPortrait UIInterfaceOrientationLandscapeLeft UIInterfaceOrientationLandscapeRight";
				IPHONEOS_DEPLOYMENT_TARGET = 16.0;
				LD_RUNPATH_SEARCH_PATHS = (
					"$(inherited)",
					"@executable_path/Frameworks",
				);
				MARKETING_VERSION = 1.0;
				PRODUCT_BUNDLE_IDENTIFIER = Nezgovorov.FinTask;
				PRODUCT_NAME = "$(TARGET_NAME)";
				SUPPORTED_PLATFORMS = "iphoneos iphonesimulator";
				SUPPORTS_MACCATALYST = NO;
				SUPPORTS_MAC_DESIGNED_FOR_IPHONE_IPAD = NO;
				SUPPORTS_XR_DESIGNED_FOR_IPHONE_IPAD = NO;
				SWIFT_EMIT_LOC_STRINGS = YES;
				SWIFT_VERSION = 5.0;
				TARGETED_DEVICE_FAMILY = 1;
			};
			name = Debug;
		};
		541AC7B92C2835A500AFA81C /* Release */ = {
			isa = XCBuildConfiguration;
			buildSettings = {
				ASSETCATALOG_COMPILER_APPICON_NAME = AppIcon;
				ASSETCATALOG_COMPILER_GLOBAL_ACCENT_COLOR_NAME = AccentColor;
				CODE_SIGN_STYLE = Automatic;
				CURRENT_PROJECT_VERSION = 1;
				DEVELOPMENT_TEAM = 9W625278YK;
				GENERATE_INFOPLIST_FILE = YES;
				INFOPLIST_FILE = FinTask/Info.plist;
				INFOPLIST_KEY_LSApplicationCategoryType = "";
				INFOPLIST_KEY_NSLocationAlwaysAndWhenInUseUsageDescription = "Разрешите доступ к вашему местоположению для определения валюты на основе вашего текущего местоположения.";
				INFOPLIST_KEY_UIApplicationSupportsIndirectInputEvents = YES;
				INFOPLIST_KEY_UILaunchStoryboardName = LaunchScreen;
				INFOPLIST_KEY_UISupportedInterfaceOrientations_iPad = "UIInterfaceOrientationPortrait UIInterfaceOrientationPortraitUpsideDown UIInterfaceOrientationLandscapeLeft UIInterfaceOrientationLandscapeRight";
				INFOPLIST_KEY_UISupportedInterfaceOrientations_iPhone = "UIInterfaceOrientationPortrait UIInterfaceOrientationLandscapeLeft UIInterfaceOrientationLandscapeRight";
				IPHONEOS_DEPLOYMENT_TARGET = 16.0;
				LD_RUNPATH_SEARCH_PATHS = (
					"$(inherited)",
					"@executable_path/Frameworks",
				);
				MARKETING_VERSION = 1.0;
				PRODUCT_BUNDLE_IDENTIFIER = Nezgovorov.FinTask;
				PRODUCT_NAME = "$(TARGET_NAME)";
				SUPPORTED_PLATFORMS = "iphoneos iphonesimulator";
				SUPPORTS_MACCATALYST = NO;
				SUPPORTS_MAC_DESIGNED_FOR_IPHONE_IPAD = NO;
				SUPPORTS_XR_DESIGNED_FOR_IPHONE_IPAD = NO;
				SWIFT_EMIT_LOC_STRINGS = YES;
				SWIFT_VERSION = 5.0;
				TARGETED_DEVICE_FAMILY = 1;
			};
			name = Release;
		};
/* End XCBuildConfiguration section */

/* Begin XCConfigurationList section */
		541AC79E2C2835A400AFA81C /* Build configuration list for PBXProject "FinTask" */ = {
			isa = XCConfigurationList;
			buildConfigurations = (
				541AC7B52C2835A500AFA81C /* Debug */,
				541AC7B62C2835A500AFA81C /* Release */,
			);
			defaultConfigurationIsVisible = 0;
			defaultConfigurationName = Release;
		};
		541AC7B72C2835A500AFA81C /* Build configuration list for PBXNativeTarget "FinTask" */ = {
			isa = XCConfigurationList;
			buildConfigurations = (
				541AC7B82C2835A500AFA81C /* Debug */,
				541AC7B92C2835A500AFA81C /* Release */,
			);
			defaultConfigurationIsVisible = 0;
			defaultConfigurationName = Release;
		};
/* End XCConfigurationList section */

/* Begin XCRemoteSwiftPackageReference section */
		54B69E2E2C37EB2100C2BD4E /* XCRemoteSwiftPackageReference "Charts" */ = {
			isa = XCRemoteSwiftPackageReference;
			repositoryURL = "https://github.com/danielgindi/Charts.git";
			requirement = {
				kind = upToNextMajorVersion;
				minimumVersion = 5.1.0;
			};
		};
		54B69E312C37EB2900C2BD4E /* XCRemoteSwiftPackageReference "realm-swift" */ = {
			isa = XCRemoteSwiftPackageReference;
			repositoryURL = "https://github.com/realm/realm-swift.git";
			requirement = {
				branch = master;
				kind = branch;
			};
		};
/* End XCRemoteSwiftPackageReference section */

/* Begin XCSwiftPackageProductDependency section */
		54B69E2F2C37EB2100C2BD4E /* DGChartsDynamic */ = {
			isa = XCSwiftPackageProductDependency;
			package = 54B69E2E2C37EB2100C2BD4E /* XCRemoteSwiftPackageReference "Charts" */;
			productName = DGChartsDynamic;
		};
		54B69E322C37EB2900C2BD4E /* RealmSwift */ = {
			isa = XCSwiftPackageProductDependency;
			package = 54B69E312C37EB2900C2BD4E /* XCRemoteSwiftPackageReference "realm-swift" */;
			productName = RealmSwift;
		};
/* End XCSwiftPackageProductDependency section */
	};
	rootObject = 541AC79B2C2835A400AFA81C /* Project object */;
}
